{
  "version": 4,
  "terraform_version": "0.14.8",
  "serial": 9,
  "lineage": "7065c7cb-0887-5db2-2ff1-cdacac71d0ac",
  "outputs": {
    "vpc_cidr": {
      "value": "10.0.0.0/16",
      "type": "string"
    }
  },
  "resources": [
    {
      "mode": "managed",
      "type": "aws_vpc",
      "name": "my_vpc",
      "provider": "provider[\"registry.terraform.io/hashicorp/aws\"]",
      "instances": [
        {
          "schema_version": 1,
          "attributes": {
            "arn": "arn:aws:ec2:us-east-1:323345181999:vpc/vpc-094e3201275361e56",
            "assign_generated_ipv6_cidr_block": false,
            "cidr_block": "10.0.0.0/16",
            "default_network_acl_id": "acl-027f780cc2606ec5e",
            "default_route_table_id": "rtb-02b6e5ddff6bfca20",
            "default_security_group_id": "sg-0a2e7dba27504a60d",
            "dhcp_options_id": "dopt-9885dbe2",
            "enable_classiclink": false,
            "enable_classiclink_dns_support": false,
            "enable_dns_hostnames": false,
            "enable_dns_support": true,
            "id": "vpc-094e3201275361e56",
            "instance_tenancy": "default",
            "ipv6_association_id": "",
            "ipv6_cidr_block": "",
            "main_route_table_id": "rtb-02b6e5ddff6bfca20",
            "owner_id": "323345181999",
            "tags": {
              "Environment": "Dev",
              "Location": "California",
              "Name": "JavaHomeVpc"
            },
            "tags_all": {
              "Environment": "Dev",
              "Location": "California",
              "Name": "JavaHomeVpc"
            }
          },
          "sensitive_attributes": [],
          "private": "eyJzY2hlbWFfdmVyc2lvbiI6IjEifQ=="
        }
      ]
    }
  ]
}
